
Microsoft Visual Studio Solution File, Format Version 12.00
# Visual Studio Version 17
VisualStudioVersion = 17.13.35806.99 d17.13
MinimumVisualStudioVersion = 10.0.40219.1
Project("{FAE04EC0-301F-11D3-BF4B-00C04F79EFBC}") = "PARCIAL1APPSERVICIOS", "PARCIAL1APPSERVICIOS.csproj", "{D1836035-EF78-4E03-AF0F-4C3B9F53A5EC}"
EndProject
Global
	GlobalSection(SolutionConfigurationPlatforms) = preSolution
		Debug|Any CPU = Debug|Any CPU
		Release|Any CPU = Release|Any CPU
	EndGlobalSection
	GlobalSection(ProjectConfigurationPlatforms) = postSolution
		{D1836035-EF78-4E03-AF0F-4C3B9F53A5EC}.Debug|Any CPU.ActiveCfg = Debug|Any CPU
		{D1836035-EF78-4E03-AF0F-4C3B9F53A5EC}.Debug|Any CPU.Build.0 = Debug|Any CPU
		{D1836035-EF78-4E03-AF0F-4C3B9F53A5EC}.Release|Any CPU.ActiveCfg = Release|Any CPU
		{D1836035-EF78-4E03-AF0F-4C3B9F53A5EC}.Release|Any CPU.Build.0 = Release|Any CPU
	EndGlobalSection
	GlobalSection(SolutionProperties) = preSolution
		HideSolutionNode = FALSE
	EndGlobalSection
	GlobalSection(ExtensibilityGlobals) = postSolution
		SolutionGuid = {9814FF70-7F07-4D65-B18B-ED843056C3ED}
	EndGlobalSection
EndGlobal
